
Microsoft Visual Studio Solution File, Format Version 12.00
# Visual Studio Version 17
VisualStudioVersion = 17.0.31919.166
MinimumVisualStudioVersion = 10.0.40219.1
Project("{FAE04EC0-301F-11D3-BF4B-00C04F79EFBC}") = "TrenjutnoVrijeme_IvaSosic", "TrenjutnoVrijeme_IvaSosic.csproj", "{980D5C29-A47C-4E77-A195-E05BAA9EAE27}"
EndProject
Global
	GlobalSection(SolutionConfigurationPlatforms) = preSolution
		Debug|Any CPU = Debug|Any CPU
		Release|Any CPU = Release|Any CPU
	EndGlobalSection
	GlobalSection(ProjectConfigurationPlatforms) = postSolution
		{980D5C29-A47C-4E77-A195-E05BAA9EAE27}.Debug|Any CPU.ActiveCfg = Debug|Any CPU
		{980D5C29-A47C-4E77-A195-E05BAA9EAE27}.Debug|Any CPU.Build.0 = Debug|Any CPU
		{980D5C29-A47C-4E77-A195-E05BAA9EAE27}.Release|Any CPU.ActiveCfg = Release|Any CPU
		{980D5C29-A47C-4E77-A195-E05BAA9EAE27}.Release|Any CPU.Build.0 = Release|Any CPU
	EndGlobalSection
	GlobalSection(SolutionProperties) = preSolution
		HideSolutionNode = FALSE
	EndGlobalSection
	GlobalSection(ExtensibilityGlobals) = postSolution
		SolutionGuid = {0DD06280-D0BC-4E1A-8FF7-11FEF62B1981}
	EndGlobalSection
EndGlobal
